PODS:
  - MarqueeLabel/Swift (3.2.1)
  - NotificationBannerSwift (2.0.1):
    - MarqueeLabel/Swift (~> 3.2.0)
    - SnapKit (~> 4.2.0)
  - SkyFloatingLabelTextField (3.7.0)
  - SnapKit (4.2.0)
  - SVProgressHUD (2.2.5)

DEPENDENCIES:
  - NotificationBannerSwift (= 2.0.1)
  - SkyFloatingLabelTextField (~> 3.0)
  - SVProgressHUD

SPEC REPOS:
  https://github.com/cocoapods/specs.git:
    - MarqueeLabel
    - NotificationBannerSwift
    - SkyFloatingLabelTextField
    - SnapKit
    - SVProgressHUD

SPEC CHECKSUMS:
  MarqueeLabel: 2daf039bf916937c8a4c9adfc13577cc5e51b4ce
  NotificationBannerSwift: 007774aa590cc9680647b92b2f217bef5c00c32c
  SkyFloatingLabelTextField: 4b46db0ab1ccde0919cded29c656e6b4805eda04
  SnapKit: fe8a619752f3f27075cc9a90244d75c6c3f27e2a
  SVProgressHUD: 1428aafac632c1f86f62aa4243ec12008d7a51d6

PODFILE CHECKSUM: 38685353d2694058c0cdc285c73b4120196dc116

COCOAPODS: 1.5.3
